dependencies:
  idf:
    source:
      type: idf
    version: 5.5.0
  wolfssl/wolfssl:
    component_hash: 4d619e882c19d967bbaa53302e3bd2bdb8c611b5efb13302171aace809fccfdf
    dependencies: []
    source:
      registry_url: https://components.espressif.com/
      type: service
    version: 5.8.2~1
direct_dependencies:
- idf
- wolfssl/wolfssl
manifest_hash: 2b25515223f3b030ef1b40ca3556a497a09f91d25a7a38aa79c8db78ce41d695
target: esp32s3
version: 2.0.0
